
Microsoft Visual Studio Solution File, Format Version 12.00
# Visual Studio Version 17
VisualStudioVersion = 17.5.002.0
MinimumVisualStudioVersion = 10.0.40219.1
Project("{9A19103F-16F7-4668-BE54-9A1E7A4F7556}") = "DesafioFundamentos", "DesafioFundamentos\DesafioFundamentos.csproj", "{4A32E240-DBD1-488C-9B4A-DFD0FD184F22}"
EndProject
Global
	GlobalSection(SolutionConfigurationPlatforms) = preSolution
		Debug|Any CPU = Debug|Any CPU
		Release|Any CPU = Release|Any CPU
	EndGlobalSection
	GlobalSection(ProjectConfigurationPlatforms) = postSolution
		{4A32E240-DBD1-488C-9B4A-DFD0FD184F22}.Debug|Any CPU.ActiveCfg = Debug|Any CPU
		{4A32E240-DBD1-488C-9B4A-DFD0FD184F22}.Debug|Any CPU.Build.0 = Debug|Any CPU
		{4A32E240-DBD1-488C-9B4A-DFD0FD184F22}.Release|Any CPU.ActiveCfg = Release|Any CPU
		{4A32E240-DBD1-488C-9B4A-DFD0FD184F22}.Release|Any CPU.Build.0 = Release|Any CPU
	EndGlobalSection
	GlobalSection(SolutionProperties) = preSolution
		HideSolutionNode = FALSE
	EndGlobalSection
	GlobalSection(ExtensibilityGlobals) = postSolution
		SolutionGuid = {3554B5F8-9AE1-41D0-8663-E40E043FF566}
	EndGlobalSection
EndGlobal
